version = 1
requires-python = ">=3.12"

[[package]]
name = "attrs"
version = "24.2.0"
source = { registry = "https://pypi.org/simple" }
sdist = { url = "https://files.pythonhosted.org/packages/fc/0f/aafca9af9315aee06a89ffde799a10a582fe8de76c563ee80bbcdc08b3fb/attrs-24.2.0.tar.gz", hash = "sha256:5cfb1b9148b5b086569baec03f20d7b6bf3bcacc9a42bebf87ffaaca362f6346", size = 792678 }
wheels = [
    { url = "https://files.pythonhosted.org/packages/6a/21/5b6702a7f963e95456c0de2d495f67bf5fd62840ac655dc451586d23d39a/attrs-24.2.0-py3-none-any.whl", hash = "sha256:81921eb96de3191c8258c199618104dd27ac608d9366f5e35d011eae1867ede2", size = 63001 },
]

[[package]]
name = "fastjsonschema"
version = "2.20.0"
source = { registry = "https://pypi.org/simple" }
sdist = { url = "https://files.pythonhosted.org/packages/03/3f/3ad5e7be13b4b8b55f4477141885ab2364f65d5f6ad5f7a9daffd634d066/fastjsonschema-2.20.0.tar.gz", hash = "sha256:3d48fc5300ee96f5d116f10fe6f28d938e6008f59a6a025c2649475b87f76a23", size = 373056 }
wheels = [
    { url = "https://files.pythonhosted.org/packages/6d/ca/086311cdfc017ec964b2436fe0c98c1f4efcb7e4c328956a22456e497655/fastjsonschema-2.20.0-py3-none-any.whl", hash = "sha256:5875f0b0fa7a0043a91e93a9b8f793bcbbba9691e7fd83dca95c28ba26d21f0a", size = 23543 },
]

[[package]]
name = "jsonschema"
version = "4.23.0"
source = { registry = "https://pypi.org/simple" }
dependencies = [
    { name = "attrs" },
    { name = "jsonschema-specifications" },
    { name = "referencing" },
    { name = "rpds-py" },
]
sdist = { url = "https://files.pythonhosted.org/packages/38/2e/03362ee4034a4c917f697890ccd4aec0800ccf9ded7f511971c75451deec/jsonschema-4.23.0.tar.gz", hash = "sha256:d71497fef26351a33265337fa77ffeb82423f3ea21283cd9467bb03999266bc4", size = 325778 }
wheels = [
    { url = "https://files.pythonhosted.org/packages/69/4a/4f9dbeb84e8850557c02365a0eee0649abe5eb1d84af92a25731c6c0f922/jsonschema-4.23.0-py3-none-any.whl", hash = "sha256:fbadb6f8b144a8f8cf9f0b89ba94501d143e50411a1278633f56a7acf7fd5566", size = 88462 },
]

[[package]]
name = "jsonschema-specifications"
version = "2024.10.1"
source = { registry = "https://pypi.org/simple" }
dependencies = [
    { name = "referencing" },
]
sdist = { url = "https://files.pythonhosted.org/packages/10/db/58f950c996c793472e336ff3655b13fbcf1e3b359dcf52dcf3ed3b52c352/jsonschema_specifications-2024.10.1.tar.gz", hash = "sha256:0f38b83639958ce1152d02a7f062902c41c8fd20d558b0c34344292d417ae272", size = 15561 }
wheels = [
    { url = "https://files.pythonhosted.org/packages/d1/0f/8910b19ac0670a0f80ce1008e5e751c4a57e14d2c4c13a482aa6079fa9d6/jsonschema_specifications-2024.10.1-py3-none-any.whl", hash = "sha256:a09a0680616357d9a0ecf05c12ad234479f549239d0f5b55f3deea67475da9bf", size = 18459 },
]

[[package]]
name = "jupyter-core"
version = "5.7.2"
source = { registry = "https://pypi.org/simple" }
dependencies = [
    { name = "platformdirs" },
    { name = "pywin32", marker = "platform_python_implementation != 'PyPy' and sys_platform == 'win32'" },
    { name = "traitlets" },
]
sdist = { url = "https://files.pythonhosted.org/packages/00/11/b56381fa6c3f4cc5d2cf54a7dbf98ad9aa0b339ef7a601d6053538b079a7/jupyter_core-5.7.2.tar.gz", hash = "sha256:aa5f8d32bbf6b431ac830496da7392035d6f61b4f54872f15c4bd2a9c3f536d9", size = 87629 }
wheels = [
    { url = "https://files.pythonhosted.org/packages/c9/fb/108ecd1fe961941959ad0ee4e12ee7b8b1477247f30b1fdfd83ceaf017f0/jupyter_core-5.7.2-py3-none-any.whl", hash = "sha256:4f7315d2f6b4bcf2e3e7cb6e46772eba760ae459cd1f59d29eb57b0a01bd7409", size = 28965 },
]

[[package]]
name = "llm-prompt-recovery-1st-solution"
version = "0.1.0"
source = { virtual = "." }
dependencies = [
    { name = "nparse" },
]

[package.metadata]
requires-dist = [{ name = "nparse", specifier = ">=0.0.16" }]

[[package]]
name = "nbformat"
version = "5.10.4"
source = { registry = "https://pypi.org/simple" }
dependencies = [
    { name = "fastjsonschema" },
    { name = "jsonschema" },
    { name = "jupyter-core" },
    { name = "traitlets" },
]
sdist = { url = "https://files.pythonhosted.org/packages/6d/fd/91545e604bc3dad7dca9ed03284086039b294c6b3d75c0d2fa45f9e9caf3/nbformat-5.10.4.tar.gz", hash = "sha256:322168b14f937a5d11362988ecac2a4952d3d8e3a2cbeb2319584631226d5b3a", size = 142749 }
wheels = [
    { url = "https://files.pythonhosted.org/packages/a9/82/0340caa499416c78e5d8f5f05947ae4bc3cba53c9f038ab6e9ed964e22f1/nbformat-5.10.4-py3-none-any.whl", hash = "sha256:3b48d6c8fbca4b299bf3982ea7db1af21580e4fec269ad087b9e81588891200b", size = 78454 },
]

[[package]]
name = "nparse"
version = "0.0.16"
source = { registry = "https://pypi.org/simple" }
dependencies = [
    { name = "nbformat" },
]
sdist = { url = "https://files.pythonhosted.org/packages/86/6c/d17427b0fad03f75570ee2c0702143e2890771a6505201c9f386c91f0e6f/nparse-0.0.16.tar.gz", hash = "sha256:03ef8f0a84d6f2e13f29da070a4934029a8ffb3e8cb9ca9d85c6710ab3920c82", size = 3499 }
wheels = [
    { url = "https://files.pythonhosted.org/packages/b3/af/f68001c0669b3b4940cd97ebd5ce2e1bbddbacd5b3b32ef0c2e9bb2965c0/nparse-0.0.16-py3-none-any.whl", hash = "sha256:83bd097f9fc3f4dd64a52e4b8016d095f113e8e9570f737caa6a0e1ad2cc4f9e", size = 4474 },
]

[[package]]
name = "platformdirs"
version = "4.3.6"
source = { registry = "https://pypi.org/simple" }
sdist = { url = "https://files.pythonhosted.org/packages/13/fc/128cc9cb8f03208bdbf93d3aa862e16d376844a14f9a0ce5cf4507372de4/platformdirs-4.3.6.tar.gz", hash = "sha256:357fb2acbc885b0419afd3ce3ed34564c13c9b95c89360cd9563f73aa5e2b907", size = 21302 }
wheels = [
    { url = "https://files.pythonhosted.org/packages/3c/a6/bc1012356d8ece4d66dd75c4b9fc6c1f6650ddd5991e421177d9f8f671be/platformdirs-4.3.6-py3-none-any.whl", hash = "sha256:73e575e1408ab8103900836b97580d5307456908a03e92031bab39e4554cc3fb", size = 18439 },
]

[[package]]
name = "pywin32"
version = "308"
source = { registry = "https://pypi.org/simple" }
wheels = [
    { url = "https://files.pythonhosted.org/packages/00/7c/d00d6bdd96de4344e06c4afbf218bc86b54436a94c01c71a8701f613aa56/pywin32-308-cp312-cp312-win32.whl", hash = "sha256:587f3e19696f4bf96fde9d8a57cec74a57021ad5f204c9e627e15c33ff568897", size = 5939729 },
    { url = "https://files.pythonhosted.org/packages/21/27/0c8811fbc3ca188f93b5354e7c286eb91f80a53afa4e11007ef661afa746/pywin32-308-cp312-cp312-win_amd64.whl", hash = "sha256:00b3e11ef09ede56c6a43c71f2d31857cf7c54b0ab6e78ac659497abd2834f47", size = 6543015 },
    { url = "https://files.pythonhosted.org/packages/9d/0f/d40f8373608caed2255781a3ad9a51d03a594a1248cd632d6a298daca693/pywin32-308-cp312-cp312-win_arm64.whl", hash = "sha256:9b4de86c8d909aed15b7011182c8cab38c8850de36e6afb1f0db22b8959e3091", size = 7976033 },
    { url = "https://files.pythonhosted.org/packages/a9/a4/aa562d8935e3df5e49c161b427a3a2efad2ed4e9cf81c3de636f1fdddfd0/pywin32-308-cp313-cp313-win32.whl", hash = "sha256:1c44539a37a5b7b21d02ab34e6a4d314e0788f1690d65b48e9b0b89f31abbbed", size = 5938579 },
    { url = "https://files.pythonhosted.org/packages/c7/50/b0efb8bb66210da67a53ab95fd7a98826a97ee21f1d22949863e6d588b22/pywin32-308-cp313-cp313-win_amd64.whl", hash = "sha256:fd380990e792eaf6827fcb7e187b2b4b1cede0585e3d0c9e84201ec27b9905e4", size = 6542056 },
    { url = "https://files.pythonhosted.org/packages/26/df/2b63e3e4f2df0224f8aaf6d131f54fe4e8c96400eb9df563e2aae2e1a1f9/pywin32-308-cp313-cp313-win_arm64.whl", hash = "sha256:ef313c46d4c18dfb82a2431e3051ac8f112ccee1a34f29c263c583c568db63cd", size = 7974986 },
]

[[package]]
name = "referencing"
version = "0.35.1"
source = { registry = "https://pypi.org/simple" }
dependencies = [
    { name = "attrs" },
    { name = "rpds-py" },
]
sdist = { url = "https://files.pythonhosted.org/packages/99/5b/73ca1f8e72fff6fa52119dbd185f73a907b1989428917b24cff660129b6d/referencing-0.35.1.tar.gz", hash = "sha256:25b42124a6c8b632a425174f24087783efb348a6f1e0008e63cd4466fedf703c", size = 62991 }
wheels = [
    { url = "https://files.pythonhosted.org/packages/b7/59/2056f61236782a2c86b33906c025d4f4a0b17be0161b63b70fd9e8775d36/referencing-0.35.1-py3-none-any.whl", hash = "sha256:eda6d3234d62814d1c64e305c1331c9a3a6132da475ab6382eaa997b21ee75de", size = 26684 },
]

[[package]]
name = "rpds-py"
version = "0.20.1"
source = { registry = "https://pypi.org/simple" }
sdist = { url = "https://files.pythonhosted.org/packages/25/cb/8e919951f55d109d658f81c9b49d0cc3b48637c50792c5d2e77032b8c5da/rpds_py-0.20.1.tar.gz", hash = "sha256:e1791c4aabd117653530dccd24108fa03cc6baf21f58b950d0a73c3b3b29a350", size = 25931 }
wheels = [
    { url = "https://files.pythonhosted.org/packages/e7/10/4e8dcc08b58a548098dbcee67a4888751a25be7a6dde0a83d4300df48bfa/rpds_py-0.20.1-cp312-cp312-macosx_10_12_x86_64.whl", hash = "sha256:36785be22066966a27348444b40389f8444671630063edfb1a2eb04318721e17", size = 329749 },
    { url = "https://files.pythonhosted.org/packages/d2/e4/61144f3790e12fd89e6153d77f7915ad26779735fef8ee9c099cba6dfb4a/rpds_py-0.20.1-cp312-cp312-macosx_11_0_arm64.whl", hash = "sha256:142c0a5124d9bd0e2976089484af5c74f47bd3298f2ed651ef54ea728d2ea42c", size = 321032 },
    { url = "https://files.pythonhosted.org/packages/fa/e0/99205aabbf3be29ef6c58ef9b08feed51ba6532fdd47461245cb58dd9897/rpds_py-0.20.1-cp312-cp312-manylinux_2_17_aarch64.manylinux2014_aarch64.whl", hash = "sha256:dbddc10776ca7ebf2a299c41a4dde8ea0d8e3547bfd731cb87af2e8f5bf8962d", size = 363931 },
    { url = "https://files.pythonhosted.org/packages/ac/bd/bce2dddb518b13a7e77eed4be234c9af0c9c6d403d01c5e6ae8eb447ab62/rpds_py-0.20.1-cp312-cp312-manylinux_2_17_armv7l.manylinux2014_armv7l.whl", hash = "sha256:15a842bb369e00295392e7ce192de9dcbf136954614124a667f9f9f17d6a216f", size = 373343 },
    { url = "https://files.pythonhosted.org/packages/43/15/112b7c553066cb91264691ba7fb119579c440a0ae889da222fa6fc0d411a/rpds_py-0.20.1-cp312-cp312-manylinux_2_17_ppc64le.manylinux2014_ppc64le.whl", hash = "sha256:be5ef2f1fc586a7372bfc355986226484e06d1dc4f9402539872c8bb99e34b01", size = 406304 },
    { url = "https://files.pythonhosted.org/packages/af/8d/2da52aef8ae5494a382b0c0025ba5b68f2952db0f2a4c7534580e8ca83cc/rpds_py-0.20.1-cp312-cp312-manylinux_2_17_s390x.manylinux2014_s390x.whl", hash = "sha256:dbcf360c9e3399b056a238523146ea77eeb2a596ce263b8814c900263e46031a", size = 423022 },
    { url = "https://files.pythonhosted.org/packages/c8/1b/f23015cb293927c93bdb4b94a48bfe77ad9d57359c75db51f0ff0cf482ff/rpds_py-0.20.1-cp312-cp312-manylinux_2_17_x86_64.manylinux2014_x86_64.whl", hash = "sha256:ecd27a66740ffd621d20b9a2f2b5ee4129a56e27bfb9458a3bcc2e45794c96cb", size = 364937 },
    { url = "https://files.pythonhosted.org/packages/7b/8b/6da8636b2ea2e2f709e56656e663b6a71ecd9a9f9d9dc21488aade122026/rpds_py-0.20.1-cp312-cp312-manylinux_2_5_i686.manylinux1_i686.whl", hash = "sha256:d0b937b2a1988f184a3e9e577adaa8aede21ec0b38320d6009e02bd026db04fa", size = 386301 },
    { url = "https://files.pythonhosted.org/packages/20/af/2ae192797bffd0d6d558145b5a36e7245346ff3e44f6ddcb82f0eb8512d4/rpds_py-0.20.1-cp312-cp312-musllinux_1_2_aarch64.whl", hash = "sha256:6889469bfdc1eddf489729b471303739bf04555bb151fe8875931f8564309afc", size = 549452 },
    { url = "https://files.pythonhosted.org/packages/07/dd/9f6520712a5108cd7d407c9db44a3d59011b385c58e320d58ebf67757a9e/rpds_py-0.20.1-cp312-cp312-musllinux_1_2_i686.whl", hash = "sha256:19b73643c802f4eaf13d97f7855d0fb527fbc92ab7013c4ad0e13a6ae0ed23bd", size = 554370 },
    { url = "https://files.pythonhosted.org/packages/5e/0e/b1bdc7ea0db0946d640ab8965146099093391bb5d265832994c47461e3c5/rpds_py-0.20.1-cp312-cp312-musllinux_1_2_x86_64.whl", hash = "sha256:3c6afcf2338e7f374e8edc765c79fbcb4061d02b15dd5f8f314a4af2bdc7feb5", size = 530940 },
    { url = "https://files.pythonhosted.org/packages/ae/d3/ffe907084299484fab60a7955f7c0e8a295c04249090218c59437010f9f4/rpds_py-0.20.1-cp312-none-win32.whl", hash = "sha256:dc73505153798c6f74854aba69cc75953888cf9866465196889c7cdd351e720c", size = 203164 },
    { url = "https://files.pythonhosted.org/packages/1f/ba/9cbb57423c4bfbd81c473913bebaed151ad4158ee2590a4e4b3e70238b48/rpds_py-0.20.1-cp312-none-win_amd64.whl", hash = "sha256:8bbe951244a838a51289ee53a6bae3a07f26d4e179b96fc7ddd3301caf0518eb", size = 220750 },
    { url = "https://files.pythonhosted.org/packages/b5/01/fee2e1d1274c92fff04aa47d805a28d62c2aa971d1f49f5baea1c6e670d9/rpds_py-0.20.1-cp313-cp313-macosx_10_12_x86_64.whl", hash = "sha256:6ca91093a4a8da4afae7fe6a222c3b53ee4eef433ebfee4d54978a103435159e", size = 329359 },
    { url = "https://files.pythonhosted.org/packages/b0/cf/4aeffb02b7090029d7aeecbffb9a10e1c80f6f56d7e9a30e15481dc4099c/rpds_py-0.20.1-cp313-cp313-macosx_11_0_arm64.whl", hash = "sha256:b9c2fe36d1f758b28121bef29ed1dee9b7a2453e997528e7d1ac99b94892527c", size = 320543 },
    { url = "https://files.pythonhosted.org/packages/17/69/85cf3429e9ccda684ba63ff36b5866d5f9451e921cc99819341e19880334/rpds_py-0.20.1-cp313-cp313-manylinux_2_17_aarch64.manylinux2014_aarch64.whl", hash = "sha256:f009c69bc8c53db5dfab72ac760895dc1f2bc1b62ab7408b253c8d1ec52459fc", size = 363107 },
    { url = "https://files.pythonhosted.org/packages/ef/de/7df88dea9c3eeb832196d23b41f0f6fc5f9a2ee9b2080bbb1db8731ead9c/rpds_py-0.20.1-cp313-cp313-manylinux_2_17_armv7l.manylinux2014_armv7l.whl", hash = "sha256:6740a3e8d43a32629bb9b009017ea5b9e713b7210ba48ac8d4cb6d99d86c8ee8", size = 372027 },
    { url = "https://files.pythonhosted.org/packages/d1/b8/88675399d2038580743c570a809c43a900e7090edc6553f8ffb66b23c965/rpds_py-0.20.1-cp313-cp313-manylinux_2_17_ppc64le.manylinux2014_ppc64le.whl", hash = "sha256:32b922e13d4c0080d03e7b62991ad7f5007d9cd74e239c4b16bc85ae8b70252d", size = 405031 },
    { url = "https://files.pythonhosted.org/packages/e1/aa/cca639f6d17caf00bab51bdc70fcc0bdda3063e5662665c4fdf60443c474/rpds_py-0.20.1-cp313-cp313-manylinux_2_17_s390x.manylinux2014_s390x.whl", hash = "sha256:fe00a9057d100e69b4ae4a094203a708d65b0f345ed546fdef86498bf5390982", size = 422271 },
    { url = "https://files.pythonhosted.org/packages/c4/07/bf8a949d2ec4626c285579c9d6b356c692325f1a4126e947736b416e1fc4/rpds_py-0.20.1-cp313-cp313-manylinux_2_17_x86_64.manylinux2014_x86_64.whl", hash = "sha256:49fe9b04b6fa685bd39237d45fad89ba19e9163a1ccaa16611a812e682913496", size = 363625 },
    { url = "https://files.pythonhosted.org/packages/11/f0/06675c6a58d6ce34547879138810eb9aab0c10e5607ea6c2e4dc56b703c8/rpds_py-0.20.1-cp313-cp313-manylinux_2_5_i686.manylinux1_i686.whl", hash = "sha256:aa7ac11e294304e615b43f8c441fee5d40094275ed7311f3420d805fde9b07b4", size = 385906 },
    { url = "https://files.pythonhosted.org/packages/bf/ac/2d1f50374eb8e41030fad4e87f81751e1c39e3b5d4bee8c5618830d8a6ac/rpds_py-0.20.1-cp313-cp313-musllinux_1_2_aarch64.whl", hash = "sha256:6aa97af1558a9bef4025f8f5d8c60d712e0a3b13a2fe875511defc6ee77a1ab7", size = 549021 },
    { url = "https://files.pythonhosted.org/packages/f7/d4/a7d70a7cc71df772eeadf4bce05e32e780a9fe44a511a5b091c7a85cb767/rpds_py-0.20.1-cp313-cp313-musllinux_1_2_i686.whl", hash = "sha256:483b29f6f7ffa6af845107d4efe2e3fa8fb2693de8657bc1849f674296ff6a5a", size = 553800 },
    { url = "https://files.pythonhosted.org/packages/87/81/dc30bc449ccba63ad23a0f6633486d4e0e6955f45f3715a130dacabd6ad0/rpds_py-0.20.1-cp313-cp313-musllinux_1_2_x86_64.whl", hash = "sha256:37fe0f12aebb6a0e3e17bb4cd356b1286d2d18d2e93b2d39fe647138458b4bcb", size = 531076 },
    { url = "https://files.pythonhosted.org/packages/50/80/fb62ab48f3b5cfe704ead6ad372da1922ddaa76397055e02eb507054c979/rpds_py-0.20.1-cp313-none-win32.whl", hash = "sha256:a624cc00ef2158e04188df5e3016385b9353638139a06fb77057b3498f794782", size = 202804 },
    { url = "https://files.pythonhosted.org/packages/d9/30/a3391e76d0b3313f33bdedd394a519decae3a953d2943e3dabf80ae32447/rpds_py-0.20.1-cp313-none-win_amd64.whl", hash = "sha256:b71b8666eeea69d6363248822078c075bac6ed135faa9216aa85f295ff009b1e", size = 220502 },
]

[[package]]
name = "traitlets"
version = "5.14.3"
source = { registry = "https://pypi.org/simple" }
sdist = { url = "https://files.pythonhosted.org/packages/eb/79/72064e6a701c2183016abbbfedaba506d81e30e232a68c9f0d6f6fcd1574/traitlets-5.14.3.tar.gz", hash = "sha256:9ed0579d3502c94b4b3732ac120375cda96f923114522847de4b3bb98b96b6b7", size = 161621 }
wheels = [
    { url = "https://files.pythonhosted.org/packages/00/c0/8f5d070730d7836adc9c9b6408dec68c6ced86b304a9b26a14df072a6e8c/traitlets-5.14.3-py3-none-any.whl", hash = "sha256:b74e89e397b1ed28cc831db7aea759ba6640cb3de13090ca145426688ff1ac4f", size = 85359 },
]
